
Microsoft Visual Studio Solution File, Format Version 12.00
# Visual Studio 2012
Project("{FAE04EC0-301F-11D3-BF4B-00C04F79EFBC}") = "Hello1", "Hello1\Hello1.csproj", "{CABCC7C9-81E5-4B6B-AFE5-203717C2FC32}"
EndProject
Global
	GlobalSection(SolutionConfigurationPlatforms) = preSolution
		Debug|Any CPU = Debug|Any CPU
		Release|Any CPU = Release|Any CPU
	EndGlobalSection
	GlobalSection(ProjectConfigurationPlatforms) = postSolution
		{CABCC7C9-81E5-4B6B-AFE5-203717C2FC32}.Debug|Any CPU.ActiveCfg = Debug|Any CPU
		{CABCC7C9-81E5-4B6B-AFE5-203717C2FC32}.Debug|Any CPU.Build.0 = Debug|Any CPU
		{CABCC7C9-81E5-4B6B-AFE5-203717C2FC32}.Release|Any CPU.ActiveCfg = Release|Any CPU
		{CABCC7C9-81E5-4B6B-AFE5-203717C2FC32}.Release|Any CPU.Build.0 = Release|Any CPU
	EndGlobalSection
	GlobalSection(MonoDevelopProperties) = preSolution
		StartupItem = Hello1\Hello1.csproj
	EndGlobalSection
EndGlobal
